<?xml version="1.0" encoding="utf-8"?><Project ToolsVersion="4.0" xmlns="http://schemas.microsoft.com/developer/msbuild/2003"><ItemGroup><Filter Include="src"><UniqueIdentifier>{8CDEE807-BC53-E450-C8B8-4DEBB66742D4}</UniqueIdentifier></Filter><Filter Include="include"><UniqueIdentifier>{57CA55B8-BCC5-4000-CE3A-58972F82E9CB}</UniqueIdentifier></Filter></ItemGroup><ItemGroup><None Include="oftc-hybrid.gyp"/><None Include="common.gypi"/><ClCompile Include="src\s_user.c"><Filter>src</Filter></ClCompile><ClCompile Include="src\fdlist.c"><Filter>src</Filter></ClCompile><ClCompile Include="src\conf_parser.c"><Filter>src</Filter></ClCompile><ClCompile Include="src\channel.c"><Filter>src</Filter></ClCompile><ClCompile Include="src\motd.c"><Filter>src</Filter></ClCompile><None Include="src\conf_parser.y"><Filter>src</Filter></None><ClCompile Include="src\s_serv.c"><Filter>src</Filter></ClCompile><ClCompile Include="src\balloc.c"><Filter>src</Filter></ClCompile><ClCompile Include="src\rsa.c"><Filter>src</Filter></ClCompile><ClCompile Include="src\sprintf_irc.c"><Filter>src</Filter></ClCompile><ClCompile Include="src\match.c"><Filter>src</Filter></ClCompile><ClCompile Include="src\watch.c"><Filter>src</Filter></ClCompile><ClCompile Include="src\ircd.c"><Filter>src</Filter></ClCompile><ClCompile Include="src\crypt.c"><Filter>src</Filter></ClCompile><ClCompile Include="src\listener.c"><Filter>src</Filter></ClCompile><ClCompile Include="src\restart.c"><Filter>src</Filter></ClCompile><ClCompile Include="src\client.c"><Filter>src</Filter></ClCompile><ClCompile Include="src\conf_lexer.c"><Filter>src</Filter></ClCompile><ClCompile Include="src\list.c"><Filter>src</Filter></ClCompile><None Include="src\conf_lexer.l"><Filter>src</Filter></None><ClCompile Include="src\getopt.c"><Filter>src</Filter></ClCompile><ClCompile Include="src\dirent.c"><Filter>src</Filter></ClCompile><ClCompile Include="src\s_misc.c"><Filter>src</Filter></ClCompile><ClCompile Include="src\csvlib.c"><Filter>src</Filter></ClCompile><ClCompile Include="src\packet.c"><Filter>src</Filter></ClCompile><ClCompile Include="src\whowas.c"><Filter>src</Filter></ClCompile><ClCompile Include="src\log.c"><Filter>src</Filter></ClCompile><ClCompile Include="src\parse.c"><Filter>src</Filter></ClCompile><ClCompile Include="src\conf.c"><Filter>src</Filter></ClCompile><ClCompile Include="src\numeric.c"><Filter>src</Filter></ClCompile><ClCompile Include="src\irc_res.c"><Filter>src</Filter></ClCompile><ClCompile Include="src\dbuf.c"><Filter>src</Filter></ClCompile><ClCompile Include="src\channel_mode.c"><Filter>src</Filter></ClCompile><ClCompile Include="src\resv.c"><Filter>src</Filter></ClCompile><ClCompile Include="src\modules.c"><Filter>src</Filter></ClCompile><ClCompile Include="src\event.c"><Filter>src</Filter></ClCompile><ClCompile Include="src\send.c"><Filter>src</Filter></ClCompile><ClCompile Include="src\irc_string.c"><Filter>src</Filter></ClCompile><ClCompile Include="src\s_bsd.c"><Filter>src</Filter></ClCompile><ClCompile Include="src\basename.c"><Filter>src</Filter></ClCompile><ClCompile Include="src\ircd_signal.c"><Filter>src</Filter></ClCompile><ClCompile Include="src\hostmask.c"><Filter>src</Filter></ClCompile><ClCompile Include="src\version.c"><Filter>src</Filter></ClCompile><ClCompile Include="src\s_auth.c"><Filter>src</Filter></ClCompile><ClCompile Include="src\hash.c"><Filter>src</Filter></ClCompile><ClCompile Include="src\irc_reslib.c"><Filter>src</Filter></ClCompile><ClCompile Include="src\hook.c"><Filter>src</Filter></ClCompile><ClCompile Include="src\memory.c"><Filter>src</Filter></ClCompile><ClInclude Include="include\irc_string.h"><Filter>include</Filter></ClInclude><ClInclude Include="include\event.h"><Filter>include</Filter></ClInclude><ClInclude Include="include\libgen.h"><Filter>include</Filter></ClInclude><ClInclude Include="include\s_serv.h"><Filter>include</Filter></ClInclude><ClInclude Include="include\memory.h"><Filter>include</Filter></ClInclude><ClInclude Include="include\hostmask.h"><Filter>include</Filter></ClInclude><ClInclude Include="include\serno.h"><Filter>include</Filter></ClInclude><ClInclude Include="include\hook.h"><Filter>include</Filter></ClInclude><ClInclude Include="include\log.h"><Filter>include</Filter></ClInclude><ClInclude Include="include\defaults.h"><Filter>include</Filter></ClInclude><ClInclude Include="include\conf.h"><Filter>include</Filter></ClInclude><ClInclude Include="include\ircd_getopt.h"><Filter>include</Filter></ClInclude><ClInclude Include="include\config-win32.h"><Filter>include</Filter></ClInclude><ClInclude Include="include\stdinc.h"><Filter>include</Filter></ClInclude><ClInclude Include="include\s_auth.h"><Filter>include</Filter></ClInclude><ClInclude Include="include\sprintf_irc.h"><Filter>include</Filter></ClInclude><ClInclude Include="include\ircd_defs.h"><Filter>include</Filter></ClInclude><ClInclude Include="include\balloc.h"><Filter>include</Filter></ClInclude><ClInclude Include="include\parse.h"><Filter>include</Filter></ClInclude><ClInclude Include="include\listener.h"><Filter>include</Filter></ClInclude><ClInclude Include="include\patchlevel.h"><Filter>include</Filter></ClInclude><ClInclude Include="include\supported.h"><Filter>include</Filter></ClInclude><ClInclude Include="include\restart.h"><Filter>include</Filter></ClInclude><ClInclude Include="include\userhost.h"><Filter>include</Filter></ClInclude><ClInclude Include="include\resv.h"><Filter>include</Filter></ClInclude><ClInclude Include="include\send.h"><Filter>include</Filter></ClInclude><ClInclude Include="include\whowas.h"><Filter>include</Filter></ClInclude><ClInclude Include="include\hash.h"><Filter>include</Filter></ClInclude><ClInclude Include="include\channel_mode.h"><Filter>include</Filter></ClInclude><ClInclude Include="include\s_user.h"><Filter>include</Filter></ClInclude><ClInclude Include="include\ircd_signal.h"><Filter>include</Filter></ClInclude><ClInclude Include="include\numeric.h"><Filter>include</Filter></ClInclude><ClInclude Include="include\dbuf.h"><Filter>include</Filter></ClInclude><ClInclude Include="include\dirent.h"><Filter>include</Filter></ClInclude><ClInclude Include="include\irc_reslib.h"><Filter>include</Filter></ClInclude><ClInclude Include="include\ircd.h"><Filter>include</Filter></ClInclude><ClInclude Include="include\s_misc.h"><Filter>include</Filter></ClInclude><ClInclude Include="include\channel.h"><Filter>include</Filter></ClInclude><ClInclude Include="include\s_bsd.h"><Filter>include</Filter></ClInclude><ClInclude Include="include\motd.h"><Filter>include</Filter></ClInclude><ClInclude Include="include\modules.h"><Filter>include</Filter></ClInclude><ClInclude Include="include\fdlist.h"><Filter>include</Filter></ClInclude><ClInclude Include="include\client.h"><Filter>include</Filter></ClInclude><ClInclude Include="include\list.h"><Filter>include</Filter></ClInclude><ClInclude Include="include\watch.h"><Filter>include</Filter></ClInclude><ClInclude Include="include\rsa.h"><Filter>include</Filter></ClInclude><ClInclude Include="include\packet.h"><Filter>include</Filter></ClInclude><ClInclude Include="include\irc_res.h"><Filter>include</Filter></ClInclude></ItemGroup></Project>