Microsoft Visual Studio Solution File, Format Version 11.00
# Visual Studio 2010
Project("{8BC9CEB8-8B4A-11D0-8D11-00A0C91BC942}") = "ircd", "ircd.vcxproj", "{B96AEBF0-CD7B-7809-81A7-F413141F0DB5}"
	ProjectSection(ProjectDependencies) = postProject
		{BB2CF5E7-6364-5921-4A48-9AF6A2DE1BDE} = {BB2CF5E7-6364-5921-4A48-9AF6A2DE1BDE}
	EndProjectSection
EndProject
Project("{8BC9CEB8-8B4A-11D0-8D11-00A0C91BC942}") = "libuv", "libuv\libuv.vcxproj", "{BB2CF5E7-6364-5921-4A48-9AF6A2DE1BDE}"
EndProject
Global
	GlobalSection(SolutionConfigurationPlatforms) = preSolution
		Debug|Win32 = Debug|Win32
		Release|Win32 = Release|Win32
	EndGlobalSection
	GlobalSection(ProjectConfigurationPlatforms) = postSolution
		{B96AEBF0-CD7B-7809-81A7-F413141F0DB5}.Debug|Win32.ActiveCfg = Debug|Win32
		{B96AEBF0-CD7B-7809-81A7-F413141F0DB5}.Debug|Win32.Build.0 = Debug|Win32
		{B96AEBF0-CD7B-7809-81A7-F413141F0DB5}.Release|Win32.ActiveCfg = Release|Win32
		{B96AEBF0-CD7B-7809-81A7-F413141F0DB5}.Release|Win32.Build.0 = Release|Win32
		{BB2CF5E7-6364-5921-4A48-9AF6A2DE1BDE}.Debug|Win32.ActiveCfg = Debug|Win32
		{BB2CF5E7-6364-5921-4A48-9AF6A2DE1BDE}.Debug|Win32.Build.0 = Debug|Win32
		{BB2CF5E7-6364-5921-4A48-9AF6A2DE1BDE}.Release|Win32.ActiveCfg = Release|Win32
		{BB2CF5E7-6364-5921-4A48-9AF6A2DE1BDE}.Release|Win32.Build.0 = Release|Win32
	EndGlobalSection
	GlobalSection(SolutionProperties) = preSolution
		HideSolutionNode = FALSE
	EndGlobalSection
	GlobalSection(NestedProjects) = preSolution
	EndGlobalSection
EndGlobal
