
Microsoft Visual Studio Solution File, Format Version 11.00
# Visual Studio 2010
Project("{8BC9CEB8-8B4A-11D0-8D11-00A0C91BC942}") = "oftc-hybrid", "oftc-hybrid.vcxproj", "{D1B921E3-85BB-411B-83BC-97CD59769AD7}"
EndProject
Project("{8BC9CEB8-8B4A-11D0-8D11-00A0C91BC942}") = "libuv", "libuv\libuv.vcxproj", "{33066374-88CB-CB8D-15DA-61032886329A}"
EndProject
Project("{8BC9CEB8-8B4A-11D0-8D11-00A0C91BC942}") = "m_die", "modules\core\m_die.vcxproj", "{22698FB0-AAF5-48CB-8320-5C64C29B3BC6}"
	ProjectSection(ProjectDependencies) = postProject
		{D1B921E3-85BB-411B-83BC-97CD59769AD7} = {D1B921E3-85BB-411B-83BC-97CD59769AD7}
	EndProjectSection
EndProject
Project("{8BC9CEB8-8B4A-11D0-8D11-00A0C91BC942}") = "m_error", "modules\core\m_error.vcxproj", "{5ED72996-2791-48DF-88B5-F5138AC07D15}"
	ProjectSection(ProjectDependencies) = postProject
		{D1B921E3-85BB-411B-83BC-97CD59769AD7} = {D1B921E3-85BB-411B-83BC-97CD59769AD7}
	EndProjectSection
EndProject
Project("{8BC9CEB8-8B4A-11D0-8D11-00A0C91BC942}") = "m_join", "modules\core\m_join.vcxproj", "{B748DB17-2446-4385-BE6A-39544C99D17A}"
	ProjectSection(ProjectDependencies) = postProject
		{D1B921E3-85BB-411B-83BC-97CD59769AD7} = {D1B921E3-85BB-411B-83BC-97CD59769AD7}
	EndProjectSection
EndProject
Project("{8BC9CEB8-8B4A-11D0-8D11-00A0C91BC942}") = "m_kick", "modules\core\m_kick.vcxproj", "{9C8B9B90-EADF-47E9-BAB7-32FA9026E610}"
	ProjectSection(ProjectDependencies) = postProject
		{D1B921E3-85BB-411B-83BC-97CD59769AD7} = {D1B921E3-85BB-411B-83BC-97CD59769AD7}
	EndProjectSection
EndProject
Project("{2150E333-8FDC-42A3-9474-1A3956D46DE8}") = "modules", "modules", "{CC5F10AD-E878-455D-9F2A-FA347177961C}"
EndProject
Project("{2150E333-8FDC-42A3-9474-1A3956D46DE8}") = "Core", "Core", "{FB1851A9-649B-4ADC-A9D0-5C234E7D89A9}"
EndProject
Project("{8BC9CEB8-8B4A-11D0-8D11-00A0C91BC942}") = "m_kill", "modules\core\m_kill.vcxproj", "{63D79C98-2FF0-4CDB-AD3E-0612EC25ED07}"
EndProject
Project("{8BC9CEB8-8B4A-11D0-8D11-00A0C91BC942}") = "m_message", "modules\core\m_message.vcxproj", "{5F64F666-083D-45A4-A499-393CB3E8FE65}"
EndProject
Project("{8BC9CEB8-8B4A-11D0-8D11-00A0C91BC942}") = "m_mode", "modules\core\m_mode.vcxproj", "{DAF5606B-C4CA-4A02-AEB4-A67AA5CF991E}"
EndProject
Project("{8BC9CEB8-8B4A-11D0-8D11-00A0C91BC942}") = "m_nick", "modules\core\m_nick.vcxproj", "{11325E89-A658-4A46-9D42-1187F54B4C19}"
EndProject
Project("{8BC9CEB8-8B4A-11D0-8D11-00A0C91BC942}") = "m_part", "modules\core\m_part.vcxproj", "{BEEDB336-47A7-4650-A3DD-8BE02BE5F93D}"
EndProject
Project("{8BC9CEB8-8B4A-11D0-8D11-00A0C91BC942}") = "m_quit", "modules\core\m_quit.vcxproj", "{C0D181C3-81D1-4269-AE23-9115C42DA7C6}"
EndProject
Project("{8BC9CEB8-8B4A-11D0-8D11-00A0C91BC942}") = "m_server", "modules\core\m_server.vcxproj", "{6BC13C18-6BB5-4B4A-B612-58D058C342C4}"
EndProject
Project("{8BC9CEB8-8B4A-11D0-8D11-00A0C91BC942}") = "m_sjoin", "modules\core\m_sjoin.vcxproj", "{D354AD61-75F2-4306-8343-C3ADBD1C4982}"
EndProject
Project("{8BC9CEB8-8B4A-11D0-8D11-00A0C91BC942}") = "m_squit", "modules\core\m_squit.vcxproj", "{1B18E11F-F2E1-492B-BB69-71B8313C8541}"
EndProject
Global
	GlobalSection(SolutionConfigurationPlatforms) = preSolution
		Debug|Win32 = Debug|Win32
		Release|Win32 = Release|Win32
	EndGlobalSection
	GlobalSection(ProjectConfigurationPlatforms) = postSolution
		{D1B921E3-85BB-411B-83BC-97CD59769AD7}.Debug|Win32.ActiveCfg = Debug|Win32
		{D1B921E3-85BB-411B-83BC-97CD59769AD7}.Debug|Win32.Build.0 = Debug|Win32
		{D1B921E3-85BB-411B-83BC-97CD59769AD7}.Release|Win32.ActiveCfg = Release|Win32
		{D1B921E3-85BB-411B-83BC-97CD59769AD7}.Release|Win32.Build.0 = Release|Win32
		{33066374-88CB-CB8D-15DA-61032886329A}.Debug|Win32.ActiveCfg = Debug|Win32
		{33066374-88CB-CB8D-15DA-61032886329A}.Debug|Win32.Build.0 = Debug|Win32
		{33066374-88CB-CB8D-15DA-61032886329A}.Release|Win32.ActiveCfg = Release|Win32
		{33066374-88CB-CB8D-15DA-61032886329A}.Release|Win32.Build.0 = Release|Win32
		{22698FB0-AAF5-48CB-8320-5C64C29B3BC6}.Debug|Win32.ActiveCfg = Debug|Win32
		{22698FB0-AAF5-48CB-8320-5C64C29B3BC6}.Debug|Win32.Build.0 = Debug|Win32
		{22698FB0-AAF5-48CB-8320-5C64C29B3BC6}.Release|Win32.ActiveCfg = Release|Win32
		{22698FB0-AAF5-48CB-8320-5C64C29B3BC6}.Release|Win32.Build.0 = Release|Win32
		{5ED72996-2791-48DF-88B5-F5138AC07D15}.Debug|Win32.ActiveCfg = Debug|Win32
		{5ED72996-2791-48DF-88B5-F5138AC07D15}.Debug|Win32.Build.0 = Debug|Win32
		{5ED72996-2791-48DF-88B5-F5138AC07D15}.Release|Win32.ActiveCfg = Release|Win32
		{5ED72996-2791-48DF-88B5-F5138AC07D15}.Release|Win32.Build.0 = Release|Win32
		{B748DB17-2446-4385-BE6A-39544C99D17A}.Debug|Win32.ActiveCfg = Debug|Win32
		{B748DB17-2446-4385-BE6A-39544C99D17A}.Debug|Win32.Build.0 = Debug|Win32
		{B748DB17-2446-4385-BE6A-39544C99D17A}.Release|Win32.ActiveCfg = Release|Win32
		{B748DB17-2446-4385-BE6A-39544C99D17A}.Release|Win32.Build.0 = Release|Win32
		{9C8B9B90-EADF-47E9-BAB7-32FA9026E610}.Debug|Win32.ActiveCfg = Debug|Win32
		{9C8B9B90-EADF-47E9-BAB7-32FA9026E610}.Debug|Win32.Build.0 = Debug|Win32
		{9C8B9B90-EADF-47E9-BAB7-32FA9026E610}.Release|Win32.ActiveCfg = Release|Win32
		{9C8B9B90-EADF-47E9-BAB7-32FA9026E610}.Release|Win32.Build.0 = Release|Win32
		{63D79C98-2FF0-4CDB-AD3E-0612EC25ED07}.Debug|Win32.ActiveCfg = Debug|Win32
		{63D79C98-2FF0-4CDB-AD3E-0612EC25ED07}.Debug|Win32.Build.0 = Debug|Win32
		{63D79C98-2FF0-4CDB-AD3E-0612EC25ED07}.Release|Win32.ActiveCfg = Release|Win32
		{63D79C98-2FF0-4CDB-AD3E-0612EC25ED07}.Release|Win32.Build.0 = Release|Win32
		{5F64F666-083D-45A4-A499-393CB3E8FE65}.Debug|Win32.ActiveCfg = Debug|Win32
		{5F64F666-083D-45A4-A499-393CB3E8FE65}.Debug|Win32.Build.0 = Debug|Win32
		{5F64F666-083D-45A4-A499-393CB3E8FE65}.Release|Win32.ActiveCfg = Release|Win32
		{5F64F666-083D-45A4-A499-393CB3E8FE65}.Release|Win32.Build.0 = Release|Win32
		{DAF5606B-C4CA-4A02-AEB4-A67AA5CF991E}.Debug|Win32.ActiveCfg = Debug|Win32
		{DAF5606B-C4CA-4A02-AEB4-A67AA5CF991E}.Debug|Win32.Build.0 = Debug|Win32
		{DAF5606B-C4CA-4A02-AEB4-A67AA5CF991E}.Release|Win32.ActiveCfg = Release|Win32
		{DAF5606B-C4CA-4A02-AEB4-A67AA5CF991E}.Release|Win32.Build.0 = Release|Win32
		{11325E89-A658-4A46-9D42-1187F54B4C19}.Debug|Win32.ActiveCfg = Debug|Win32
		{11325E89-A658-4A46-9D42-1187F54B4C19}.Debug|Win32.Build.0 = Debug|Win32
		{11325E89-A658-4A46-9D42-1187F54B4C19}.Release|Win32.ActiveCfg = Release|Win32
		{11325E89-A658-4A46-9D42-1187F54B4C19}.Release|Win32.Build.0 = Release|Win32
		{BEEDB336-47A7-4650-A3DD-8BE02BE5F93D}.Debug|Win32.ActiveCfg = Debug|Win32
		{BEEDB336-47A7-4650-A3DD-8BE02BE5F93D}.Debug|Win32.Build.0 = Debug|Win32
		{BEEDB336-47A7-4650-A3DD-8BE02BE5F93D}.Release|Win32.ActiveCfg = Release|Win32
		{BEEDB336-47A7-4650-A3DD-8BE02BE5F93D}.Release|Win32.Build.0 = Release|Win32
		{C0D181C3-81D1-4269-AE23-9115C42DA7C6}.Debug|Win32.ActiveCfg = Debug|Win32
		{C0D181C3-81D1-4269-AE23-9115C42DA7C6}.Debug|Win32.Build.0 = Debug|Win32
		{C0D181C3-81D1-4269-AE23-9115C42DA7C6}.Release|Win32.ActiveCfg = Release|Win32
		{C0D181C3-81D1-4269-AE23-9115C42DA7C6}.Release|Win32.Build.0 = Release|Win32
		{6BC13C18-6BB5-4B4A-B612-58D058C342C4}.Debug|Win32.ActiveCfg = Debug|Win32
		{6BC13C18-6BB5-4B4A-B612-58D058C342C4}.Debug|Win32.Build.0 = Debug|Win32
		{6BC13C18-6BB5-4B4A-B612-58D058C342C4}.Release|Win32.ActiveCfg = Release|Win32
		{6BC13C18-6BB5-4B4A-B612-58D058C342C4}.Release|Win32.Build.0 = Release|Win32
		{D354AD61-75F2-4306-8343-C3ADBD1C4982}.Debug|Win32.ActiveCfg = Debug|Win32
		{D354AD61-75F2-4306-8343-C3ADBD1C4982}.Debug|Win32.Build.0 = Debug|Win32
		{D354AD61-75F2-4306-8343-C3ADBD1C4982}.Release|Win32.ActiveCfg = Release|Win32
		{D354AD61-75F2-4306-8343-C3ADBD1C4982}.Release|Win32.Build.0 = Release|Win32
		{1B18E11F-F2E1-492B-BB69-71B8313C8541}.Debug|Win32.ActiveCfg = Debug|Win32
		{1B18E11F-F2E1-492B-BB69-71B8313C8541}.Debug|Win32.Build.0 = Debug|Win32
		{1B18E11F-F2E1-492B-BB69-71B8313C8541}.Release|Win32.ActiveCfg = Release|Win32
		{1B18E11F-F2E1-492B-BB69-71B8313C8541}.Release|Win32.Build.0 = Release|Win32
	EndGlobalSection
	GlobalSection(SolutionProperties) = preSolution
		HideSolutionNode = FALSE
	EndGlobalSection
	GlobalSection(NestedProjects) = preSolution
		{FB1851A9-649B-4ADC-A9D0-5C234E7D89A9} = {CC5F10AD-E878-455D-9F2A-FA347177961C}
		{22698FB0-AAF5-48CB-8320-5C64C29B3BC6} = {FB1851A9-649B-4ADC-A9D0-5C234E7D89A9}
		{5ED72996-2791-48DF-88B5-F5138AC07D15} = {FB1851A9-649B-4ADC-A9D0-5C234E7D89A9}
		{B748DB17-2446-4385-BE6A-39544C99D17A} = {FB1851A9-649B-4ADC-A9D0-5C234E7D89A9}
		{9C8B9B90-EADF-47E9-BAB7-32FA9026E610} = {FB1851A9-649B-4ADC-A9D0-5C234E7D89A9}
		{63D79C98-2FF0-4CDB-AD3E-0612EC25ED07} = {FB1851A9-649B-4ADC-A9D0-5C234E7D89A9}
		{5F64F666-083D-45A4-A499-393CB3E8FE65} = {FB1851A9-649B-4ADC-A9D0-5C234E7D89A9}
		{DAF5606B-C4CA-4A02-AEB4-A67AA5CF991E} = {FB1851A9-649B-4ADC-A9D0-5C234E7D89A9}
		{11325E89-A658-4A46-9D42-1187F54B4C19} = {FB1851A9-649B-4ADC-A9D0-5C234E7D89A9}
		{BEEDB336-47A7-4650-A3DD-8BE02BE5F93D} = {FB1851A9-649B-4ADC-A9D0-5C234E7D89A9}
		{C0D181C3-81D1-4269-AE23-9115C42DA7C6} = {FB1851A9-649B-4ADC-A9D0-5C234E7D89A9}
		{6BC13C18-6BB5-4B4A-B612-58D058C342C4} = {FB1851A9-649B-4ADC-A9D0-5C234E7D89A9}
		{D354AD61-75F2-4306-8343-C3ADBD1C4982} = {FB1851A9-649B-4ADC-A9D0-5C234E7D89A9}
		{1B18E11F-F2E1-492B-BB69-71B8313C8541} = {FB1851A9-649B-4ADC-A9D0-5C234E7D89A9}
	EndGlobalSection
EndGlobal
